
Microsoft Visual Studio Solution File, Format Version 12.00
# Visual Studio 15
VisualStudioVersion = 15.0.28307.572
MinimumVisualStudioVersion = 10.0.40219.1
Project("{FAE04EC0-301F-11D3-BF4B-00C04F79EFBC}") = "PongDEMO", "PongDEMO\PongDEMO.csproj", "{A79C5B55-ED14-4DC7-B149-DE4E38324DB5}"
EndProject
Global
	GlobalSection(SolutionConfigurationPlatforms) = preSolution
		Debug|Any CPU = Debug|Any CPU
		Release|Any CPU = Release|Any CPU
	EndGlobalSection
	GlobalSection(ProjectConfigurationPlatforms) = postSolution
		{A79C5B55-ED14-4DC7-B149-DE4E38324DB5}.Debug|Any CPU.ActiveCfg = Debug|Any CPU
		{A79C5B55-ED14-4DC7-B149-DE4E38324DB5}.Debug|Any CPU.Build.0 = Debug|Any CPU
		{A79C5B55-ED14-4DC7-B149-DE4E38324DB5}.Release|Any CPU.ActiveCfg = Release|Any CPU
		{A79C5B55-ED14-4DC7-B149-DE4E38324DB5}.Release|Any CPU.Build.0 = Release|Any CPU
	EndGlobalSection
	GlobalSection(SolutionProperties) = preSolution
		HideSolutionNode = FALSE
	EndGlobalSection
	GlobalSection(ExtensibilityGlobals) = postSolution
		SolutionGuid = {46E0C594-F1F8-4609-8670-81B58EA37275}
	EndGlobalSection
EndGlobal
